
Microsoft Visual Studio Solution File, Format Version 12.00
# Visual Studio 14
VisualStudioVersion = 14.0.25420.1
MinimumVisualStudioVersion = 10.0.40219.1
Project("{FAE04EC0-301F-11D3-BF4B-00C04F79EFBC}") = "SinTreeAutoClassification", "SinTreeAutoClassification.csproj", "{00B7074F-A397-45DA-AAC2-69B1A2A840F9}"
EndProject
Project("{FAE04EC0-301F-11D3-BF4B-00C04F79EFBC}") = "SinTreeAutoClassificationTester", "..\SinTreeAutoClassificationTester\SinTreeAutoClassificationTester.csproj", "{E7AC08D9-2880-4691-B878-DD917F3B2512}"
EndProject
Project("{8BC9CEB8-8B4A-11D0-8D11-00A0C91BC942}") = "Win32Project1", "..\Win32Project1\Win32Project1.vcxproj", "{17FBF413-F712-4809-86CB-C64D63F0E397}"
EndProject
Global
	GlobalSection(SolutionConfigurationPlatforms) = preSolution
		Debug_Hasp_PCS|Any CPU = Debug_Hasp_PCS|Any CPU
		Debug_Hasp_PCS|Mixed Platforms = Debug_Hasp_PCS|Mixed Platforms
		Debug_Hasp_PCS|x64 = Debug_Hasp_PCS|x64
		Debug_Hasp_PCS|x86 = Debug_Hasp_PCS|x86
		Debug_HASP|Any CPU = Debug_HASP|Any CPU
		Debug_HASP|Mixed Platforms = Debug_HASP|Mixed Platforms
		Debug_HASP|x64 = Debug_HASP|x64
		Debug_HASP|x86 = Debug_HASP|x86
		Debug_SHK_x64|Any CPU = Debug_SHK_x64|Any CPU
		Debug_SHK_x64|Mixed Platforms = Debug_SHK_x64|Mixed Platforms
		Debug_SHK_x64|x64 = Debug_SHK_x64|x64
		Debug_SHK_x64|x86 = Debug_SHK_x64|x86
		Debug_SHK|Any CPU = Debug_SHK|Any CPU
		Debug_SHK|Mixed Platforms = Debug_SHK|Mixed Platforms
		Debug_SHK|x64 = Debug_SHK|x64
		Debug_SHK|x86 = Debug_SHK|x86
		Debug|Any CPU = Debug|Any CPU
		Debug|Mixed Platforms = Debug|Mixed Platforms
		Debug|x64 = Debug|x64
		Debug|x86 = Debug|x86
		Release_HASP_x64|Any CPU = Release_HASP_x64|Any CPU
		Release_HASP_x64|Mixed Platforms = Release_HASP_x64|Mixed Platforms
		Release_HASP_x64|x64 = Release_HASP_x64|x64
		Release_HASP_x64|x86 = Release_HASP_x64|x86
		Release_HASP|Any CPU = Release_HASP|Any CPU
		Release_HASP|Mixed Platforms = Release_HASP|Mixed Platforms
		Release_HASP|x64 = Release_HASP|x64
		Release_HASP|x86 = Release_HASP|x86
		Release_SHK_x64|Any CPU = Release_SHK_x64|Any CPU
		Release_SHK_x64|Mixed Platforms = Release_SHK_x64|Mixed Platforms
		Release_SHK_x64|x64 = Release_SHK_x64|x64
		Release_SHK_x64|x86 = Release_SHK_x64|x86
		Release_SHK|Any CPU = Release_SHK|Any CPU
		Release_SHK|Mixed Platforms = Release_SHK|Mixed Platforms
		Release_SHK|x64 = Release_SHK|x64
		Release_SHK|x86 = Release_SHK|x86
		Release|Any CPU = Release|Any CPU
		Release|Mixed Platforms = Release|Mixed Platforms
		Release|x64 = Release|x64
		Release|x86 = Release|x86
	EndGlobalSection
	GlobalSection(ProjectConfigurationPlatforms) = postSolution
		{00B7074F-A397-45DA-AAC2-69B1A2A840F9}.Debug_Hasp_PCS|Any CPU.ActiveCfg = Debug|Any CPU
		{00B7074F-A397-45DA-AAC2-69B1A2A840F9}.Debug_Hasp_PCS|Any CPU.Build.0 = Debug|Any CPU
		{00B7074F-A397-45DA-AAC2-69B1A2A840F9}.Debug_Hasp_PCS|Mixed Platforms.ActiveCfg = Debug|Any CPU
		{00B7074F-A397-45DA-AAC2-69B1A2A840F9}.Debug_Hasp_PCS|Mixed Platforms.Build.0 = Debug|Any CPU
		{00B7074F-A397-45DA-AAC2-69B1A2A840F9}.Debug_Hasp_PCS|x64.ActiveCfg = Debug|x64
		{00B7074F-A397-45DA-AAC2-69B1A2A840F9}.Debug_Hasp_PCS|x64.Build.0 = Debug|x64
		{00B7074F-A397-45DA-AAC2-69B1A2A840F9}.Debug_Hasp_PCS|x86.ActiveCfg = Debug|Any CPU
		{00B7074F-A397-45DA-AAC2-69B1A2A840F9}.Debug_Hasp_PCS|x86.Build.0 = Debug|Any CPU
		{00B7074F-A397-45DA-AAC2-69B1A2A840F9}.Debug_HASP|Any CPU.ActiveCfg = Debug|Any CPU
		{00B7074F-A397-45DA-AAC2-69B1A2A840F9}.Debug_HASP|Any CPU.Build.0 = Debug|Any CPU
		{00B7074F-A397-45DA-AAC2-69B1A2A840F9}.Debug_HASP|Mixed Platforms.ActiveCfg = Debug|Any CPU
		{00B7074F-A397-45DA-AAC2-69B1A2A840F9}.Debug_HASP|Mixed Platforms.Build.0 = Debug|Any CPU
		{00B7074F-A397-45DA-AAC2-69B1A2A840F9}.Debug_HASP|x64.ActiveCfg = Debug|x64
		{00B7074F-A397-45DA-AAC2-69B1A2A840F9}.Debug_HASP|x64.Build.0 = Debug|x64
		{00B7074F-A397-45DA-AAC2-69B1A2A840F9}.Debug_HASP|x86.ActiveCfg = Debug|Any CPU
		{00B7074F-A397-45DA-AAC2-69B1A2A840F9}.Debug_HASP|x86.Build.0 = Debug|Any CPU
		{00B7074F-A397-45DA-AAC2-69B1A2A840F9}.Debug_SHK_x64|Any CPU.ActiveCfg = Debug|Any CPU
		{00B7074F-A397-45DA-AAC2-69B1A2A840F9}.Debug_SHK_x64|Any CPU.Build.0 = Debug|Any CPU
		{00B7074F-A397-45DA-AAC2-69B1A2A840F9}.Debug_SHK_x64|Mixed Platforms.ActiveCfg = Debug|Any CPU
		{00B7074F-A397-45DA-AAC2-69B1A2A840F9}.Debug_SHK_x64|Mixed Platforms.Build.0 = Debug|Any CPU
		{00B7074F-A397-45DA-AAC2-69B1A2A840F9}.Debug_SHK_x64|x64.ActiveCfg = Debug|x64
		{00B7074F-A397-45DA-AAC2-69B1A2A840F9}.Debug_SHK_x64|x64.Build.0 = Debug|x64
		{00B7074F-A397-45DA-AAC2-69B1A2A840F9}.Debug_SHK_x64|x86.ActiveCfg = Debug|Any CPU
		{00B7074F-A397-45DA-AAC2-69B1A2A840F9}.Debug_SHK_x64|x86.Build.0 = Debug|Any CPU
		{00B7074F-A397-45DA-AAC2-69B1A2A840F9}.Debug_SHK|Any CPU.ActiveCfg = Debug|Any CPU
		{00B7074F-A397-45DA-AAC2-69B1A2A840F9}.Debug_SHK|Any CPU.Build.0 = Debug|Any CPU
		{00B7074F-A397-45DA-AAC2-69B1A2A840F9}.Debug_SHK|Mixed Platforms.ActiveCfg = Debug|Any CPU
		{00B7074F-A397-45DA-AAC2-69B1A2A840F9}.Debug_SHK|Mixed Platforms.Build.0 = Debug|Any CPU
		{00B7074F-A397-45DA-AAC2-69B1A2A840F9}.Debug_SHK|x64.ActiveCfg = Debug|x64
		{00B7074F-A397-45DA-AAC2-69B1A2A840F9}.Debug_SHK|x64.Build.0 = Debug|x64
		{00B7074F-A397-45DA-AAC2-69B1A2A840F9}.Debug_SHK|x86.ActiveCfg = Debug|Any CPU
		{00B7074F-A397-45DA-AAC2-69B1A2A840F9}.Debug_SHK|x86.Build.0 = Debug|Any CPU
		{00B7074F-A397-45DA-AAC2-69B1A2A840F9}.Debug|Any CPU.ActiveCfg = Debug|Any CPU
		{00B7074F-A397-45DA-AAC2-69B1A2A840F9}.Debug|Any CPU.Build.0 = Debug|Any CPU
		{00B7074F-A397-45DA-AAC2-69B1A2A840F9}.Debug|Mixed Platforms.ActiveCfg = Debug|x64
		{00B7074F-A397-45DA-AAC2-69B1A2A840F9}.Debug|Mixed Platforms.Build.0 = Debug|x64
		{00B7074F-A397-45DA-AAC2-69B1A2A840F9}.Debug|x64.ActiveCfg = Debug|x64
		{00B7074F-A397-45DA-AAC2-69B1A2A840F9}.Debug|x64.Build.0 = Debug|x64
		{00B7074F-A397-45DA-AAC2-69B1A2A840F9}.Debug|x86.ActiveCfg = Debug|x64
		{00B7074F-A397-45DA-AAC2-69B1A2A840F9}.Release_HASP_x64|Any CPU.ActiveCfg = Release|Any CPU
		{00B7074F-A397-45DA-AAC2-69B1A2A840F9}.Release_HASP_x64|Any CPU.Build.0 = Release|Any CPU
		{00B7074F-A397-45DA-AAC2-69B1A2A840F9}.Release_HASP_x64|Mixed Platforms.ActiveCfg = Release|Any CPU
		{00B7074F-A397-45DA-AAC2-69B1A2A840F9}.Release_HASP_x64|Mixed Platforms.Build.0 = Release|Any CPU
		{00B7074F-A397-45DA-AAC2-69B1A2A840F9}.Release_HASP_x64|x64.ActiveCfg = Debug|x64
		{00B7074F-A397-45DA-AAC2-69B1A2A840F9}.Release_HASP_x64|x64.Build.0 = Debug|x64
		{00B7074F-A397-45DA-AAC2-69B1A2A840F9}.Release_HASP_x64|x86.ActiveCfg = Release|Any CPU
		{00B7074F-A397-45DA-AAC2-69B1A2A840F9}.Release_HASP_x64|x86.Build.0 = Release|Any CPU
		{00B7074F-A397-45DA-AAC2-69B1A2A840F9}.Release_HASP|Any CPU.ActiveCfg = Release|Any CPU
		{00B7074F-A397-45DA-AAC2-69B1A2A840F9}.Release_HASP|Any CPU.Build.0 = Release|Any CPU
		{00B7074F-A397-45DA-AAC2-69B1A2A840F9}.Release_HASP|Mixed Platforms.ActiveCfg = Release|Any CPU
		{00B7074F-A397-45DA-AAC2-69B1A2A840F9}.Release_HASP|Mixed Platforms.Build.0 = Release|Any CPU
		{00B7074F-A397-45DA-AAC2-69B1A2A840F9}.Release_HASP|x64.ActiveCfg = Release|x64
		{00B7074F-A397-45DA-AAC2-69B1A2A840F9}.Release_HASP|x64.Build.0 = Release|x64
		{00B7074F-A397-45DA-AAC2-69B1A2A840F9}.Release_HASP|x86.ActiveCfg = Release|Any CPU
		{00B7074F-A397-45DA-AAC2-69B1A2A840F9}.Release_HASP|x86.Build.0 = Release|Any CPU
		{00B7074F-A397-45DA-AAC2-69B1A2A840F9}.Release_SHK_x64|Any CPU.ActiveCfg = Release|Any CPU
		{00B7074F-A397-45DA-AAC2-69B1A2A840F9}.Release_SHK_x64|Any CPU.Build.0 = Release|Any CPU
		{00B7074F-A397-45DA-AAC2-69B1A2A840F9}.Release_SHK_x64|Mixed Platforms.ActiveCfg = Release|Any CPU
		{00B7074F-A397-45DA-AAC2-69B1A2A840F9}.Release_SHK_x64|Mixed Platforms.Build.0 = Release|Any CPU
		{00B7074F-A397-45DA-AAC2-69B1A2A840F9}.Release_SHK_x64|x64.ActiveCfg = Release|x64
		{00B7074F-A397-45DA-AAC2-69B1A2A840F9}.Release_SHK_x64|x64.Build.0 = Release|x64
		{00B7074F-A397-45DA-AAC2-69B1A2A840F9}.Release_SHK_x64|x86.ActiveCfg = Release|Any CPU
		{00B7074F-A397-45DA-AAC2-69B1A2A840F9}.Release_SHK_x64|x86.Build.0 = Release|Any CPU
		{00B7074F-A397-45DA-AAC2-69B1A2A840F9}.Release_SHK|Any CPU.ActiveCfg = Release|Any CPU
		{00B7074F-A397-45DA-AAC2-69B1A2A840F9}.Release_SHK|Any CPU.Build.0 = Release|Any CPU
		{00B7074F-A397-45DA-AAC2-69B1A2A840F9}.Release_SHK|Mixed Platforms.ActiveCfg = Release|Any CPU
		{00B7074F-A397-45DA-AAC2-69B1A2A840F9}.Release_SHK|Mixed Platforms.Build.0 = Release|Any CPU
		{00B7074F-A397-45DA-AAC2-69B1A2A840F9}.Release_SHK|x64.ActiveCfg = Release|x64
		{00B7074F-A397-45DA-AAC2-69B1A2A840F9}.Release_SHK|x64.Build.0 = Release|x64
		{00B7074F-A397-45DA-AAC2-69B1A2A840F9}.Release_SHK|x86.ActiveCfg = Release|Any CPU
		{00B7074F-A397-45DA-AAC2-69B1A2A840F9}.Release_SHK|x86.Build.0 = Release|Any CPU
		{00B7074F-A397-45DA-AAC2-69B1A2A840F9}.Release|Any CPU.ActiveCfg = Release|Any CPU
		{00B7074F-A397-45DA-AAC2-69B1A2A840F9}.Release|Any CPU.Build.0 = Release|Any CPU
		{00B7074F-A397-45DA-AAC2-69B1A2A840F9}.Release|Mixed Platforms.ActiveCfg = Release|x64
		{00B7074F-A397-45DA-AAC2-69B1A2A840F9}.Release|Mixed Platforms.Build.0 = Release|x64
		{00B7074F-A397-45DA-AAC2-69B1A2A840F9}.Release|x64.ActiveCfg = Release|x64
		{00B7074F-A397-45DA-AAC2-69B1A2A840F9}.Release|x64.Build.0 = Release|x64
		{00B7074F-A397-45DA-AAC2-69B1A2A840F9}.Release|x86.ActiveCfg = Release|x64
		{E7AC08D9-2880-4691-B878-DD917F3B2512}.Debug_Hasp_PCS|Any CPU.ActiveCfg = Release|x64
		{E7AC08D9-2880-4691-B878-DD917F3B2512}.Debug_Hasp_PCS|Any CPU.Build.0 = Release|x64
		{E7AC08D9-2880-4691-B878-DD917F3B2512}.Debug_Hasp_PCS|Mixed Platforms.ActiveCfg = Debug|x86
		{E7AC08D9-2880-4691-B878-DD917F3B2512}.Debug_Hasp_PCS|Mixed Platforms.Build.0 = Debug|x86
		{E7AC08D9-2880-4691-B878-DD917F3B2512}.Debug_Hasp_PCS|x64.ActiveCfg = Debug|x64
		{E7AC08D9-2880-4691-B878-DD917F3B2512}.Debug_Hasp_PCS|x64.Build.0 = Debug|x64
		{E7AC08D9-2880-4691-B878-DD917F3B2512}.Debug_Hasp_PCS|x86.ActiveCfg = Debug|x86
		{E7AC08D9-2880-4691-B878-DD917F3B2512}.Debug_Hasp_PCS|x86.Build.0 = Debug|x86
		{E7AC08D9-2880-4691-B878-DD917F3B2512}.Debug_HASP|Any CPU.ActiveCfg = Release|x64
		{E7AC08D9-2880-4691-B878-DD917F3B2512}.Debug_HASP|Any CPU.Build.0 = Release|x64
		{E7AC08D9-2880-4691-B878-DD917F3B2512}.Debug_HASP|Mixed Platforms.ActiveCfg = Debug|x86
		{E7AC08D9-2880-4691-B878-DD917F3B2512}.Debug_HASP|Mixed Platforms.Build.0 = Debug|x86
		{E7AC08D9-2880-4691-B878-DD917F3B2512}.Debug_HASP|x64.ActiveCfg = Debug|x64
		{E7AC08D9-2880-4691-B878-DD917F3B2512}.Debug_HASP|x64.Build.0 = Debug|x64
		{E7AC08D9-2880-4691-B878-DD917F3B2512}.Debug_HASP|x86.ActiveCfg = Debug|x86
		{E7AC08D9-2880-4691-B878-DD917F3B2512}.Debug_HASP|x86.Build.0 = Debug|x86
		{E7AC08D9-2880-4691-B878-DD917F3B2512}.Debug_SHK_x64|Any CPU.ActiveCfg = Release|x64
		{E7AC08D9-2880-4691-B878-DD917F3B2512}.Debug_SHK_x64|Any CPU.Build.0 = Release|x64
		{E7AC08D9-2880-4691-B878-DD917F3B2512}.Debug_SHK_x64|Mixed Platforms.ActiveCfg = Debug|x86
		{E7AC08D9-2880-4691-B878-DD917F3B2512}.Debug_SHK_x64|Mixed Platforms.Build.0 = Debug|x86
		{E7AC08D9-2880-4691-B878-DD917F3B2512}.Debug_SHK_x64|x64.ActiveCfg = Debug|x64
		{E7AC08D9-2880-4691-B878-DD917F3B2512}.Debug_SHK_x64|x64.Build.0 = Debug|x64
		{E7AC08D9-2880-4691-B878-DD917F3B2512}.Debug_SHK_x64|x86.ActiveCfg = Debug|x86
		{E7AC08D9-2880-4691-B878-DD917F3B2512}.Debug_SHK_x64|x86.Build.0 = Debug|x86
		{E7AC08D9-2880-4691-B878-DD917F3B2512}.Debug_SHK|Any CPU.ActiveCfg = Release|x64
		{E7AC08D9-2880-4691-B878-DD917F3B2512}.Debug_SHK|Any CPU.Build.0 = Release|x64
		{E7AC08D9-2880-4691-B878-DD917F3B2512}.Debug_SHK|Mixed Platforms.ActiveCfg = Debug|x86
		{E7AC08D9-2880-4691-B878-DD917F3B2512}.Debug_SHK|Mixed Platforms.Build.0 = Debug|x86
		{E7AC08D9-2880-4691-B878-DD917F3B2512}.Debug_SHK|x64.ActiveCfg = Debug|x64
		{E7AC08D9-2880-4691-B878-DD917F3B2512}.Debug_SHK|x64.Build.0 = Debug|x64
		{E7AC08D9-2880-4691-B878-DD917F3B2512}.Debug_SHK|x86.ActiveCfg = Debug|x86
		{E7AC08D9-2880-4691-B878-DD917F3B2512}.Debug_SHK|x86.Build.0 = Debug|x86
		{E7AC08D9-2880-4691-B878-DD917F3B2512}.Debug|Any CPU.ActiveCfg = Debug|x86
		{E7AC08D9-2880-4691-B878-DD917F3B2512}.Debug|Mixed Platforms.ActiveCfg = Debug|x64
		{E7AC08D9-2880-4691-B878-DD917F3B2512}.Debug|Mixed Platforms.Build.0 = Debug|x64
		{E7AC08D9-2880-4691-B878-DD917F3B2512}.Debug|x64.ActiveCfg = Debug|x64
		{E7AC08D9-2880-4691-B878-DD917F3B2512}.Debug|x64.Build.0 = Debug|x64
		{E7AC08D9-2880-4691-B878-DD917F3B2512}.Debug|x86.ActiveCfg = Debug|x86
		{E7AC08D9-2880-4691-B878-DD917F3B2512}.Debug|x86.Build.0 = Debug|x86
		{E7AC08D9-2880-4691-B878-DD917F3B2512}.Release_HASP_x64|Any CPU.ActiveCfg = Release|x64
		{E7AC08D9-2880-4691-B878-DD917F3B2512}.Release_HASP_x64|Any CPU.Build.0 = Release|x64
		{E7AC08D9-2880-4691-B878-DD917F3B2512}.Release_HASP_x64|Mixed Platforms.ActiveCfg = Release|x86
		{E7AC08D9-2880-4691-B878-DD917F3B2512}.Release_HASP_x64|Mixed Platforms.Build.0 = Release|x86
		{E7AC08D9-2880-4691-B878-DD917F3B2512}.Release_HASP_x64|x64.ActiveCfg = Debug|x64
		{E7AC08D9-2880-4691-B878-DD917F3B2512}.Release_HASP_x64|x64.Build.0 = Debug|x64
		{E7AC08D9-2880-4691-B878-DD917F3B2512}.Release_HASP_x64|x86.ActiveCfg = Release|x86
		{E7AC08D9-2880-4691-B878-DD917F3B2512}.Release_HASP_x64|x86.Build.0 = Release|x86
		{E7AC08D9-2880-4691-B878-DD917F3B2512}.Release_HASP|Any CPU.ActiveCfg = Release|x64
		{E7AC08D9-2880-4691-B878-DD917F3B2512}.Release_HASP|Any CPU.Build.0 = Release|x64
		{E7AC08D9-2880-4691-B878-DD917F3B2512}.Release_HASP|Mixed Platforms.ActiveCfg = Release|x86
		{E7AC08D9-2880-4691-B878-DD917F3B2512}.Release_HASP|Mixed Platforms.Build.0 = Release|x86
		{E7AC08D9-2880-4691-B878-DD917F3B2512}.Release_HASP|x64.ActiveCfg = Release|x64
		{E7AC08D9-2880-4691-B878-DD917F3B2512}.Release_HASP|x64.Build.0 = Release|x64
		{E7AC08D9-2880-4691-B878-DD917F3B2512}.Release_HASP|x86.ActiveCfg = Release|x86
		{E7AC08D9-2880-4691-B878-DD917F3B2512}.Release_HASP|x86.Build.0 = Release|x86
		{E7AC08D9-2880-4691-B878-DD917F3B2512}.Release_SHK_x64|Any CPU.ActiveCfg = Release|x64
		{E7AC08D9-2880-4691-B878-DD917F3B2512}.Release_SHK_x64|Any CPU.Build.0 = Release|x64
		{E7AC08D9-2880-4691-B878-DD917F3B2512}.Release_SHK_x64|Mixed Platforms.ActiveCfg = Release|x86
		{E7AC08D9-2880-4691-B878-DD917F3B2512}.Release_SHK_x64|Mixed Platforms.Build.0 = Release|x86
		{E7AC08D9-2880-4691-B878-DD917F3B2512}.Release_SHK_x64|x64.ActiveCfg = Release|x64
		{E7AC08D9-2880-4691-B878-DD917F3B2512}.Release_SHK_x64|x64.Build.0 = Release|x64
		{E7AC08D9-2880-4691-B878-DD917F3B2512}.Release_SHK_x64|x86.ActiveCfg = Release|x86
		{E7AC08D9-2880-4691-B878-DD917F3B2512}.Release_SHK_x64|x86.Build.0 = Release|x86
		{E7AC08D9-2880-4691-B878-DD917F3B2512}.Release_SHK|Any CPU.ActiveCfg = Release|x64
		{E7AC08D9-2880-4691-B878-DD917F3B2512}.Release_SHK|Any CPU.Build.0 = Release|x64
		{E7AC08D9-2880-4691-B878-DD917F3B2512}.Release_SHK|Mixed Platforms.ActiveCfg = Release|x86
		{E7AC08D9-2880-4691-B878-DD917F3B2512}.Release_SHK|Mixed Platforms.Build.0 = Release|x86
		{E7AC08D9-2880-4691-B878-DD917F3B2512}.Release_SHK|x64.ActiveCfg = Release|x64
		{E7AC08D9-2880-4691-B878-DD917F3B2512}.Release_SHK|x64.Build.0 = Release|x64
		{E7AC08D9-2880-4691-B878-DD917F3B2512}.Release_SHK|x86.ActiveCfg = Release|x86
		{E7AC08D9-2880-4691-B878-DD917F3B2512}.Release_SHK|x86.Build.0 = Release|x86
		{E7AC08D9-2880-4691-B878-DD917F3B2512}.Release|Any CPU.ActiveCfg = Release|x86
		{E7AC08D9-2880-4691-B878-DD917F3B2512}.Release|Mixed Platforms.ActiveCfg = Release|x86
		{E7AC08D9-2880-4691-B878-DD917F3B2512}.Release|Mixed Platforms.Build.0 = Release|x86
		{E7AC08D9-2880-4691-B878-DD917F3B2512}.Release|x64.ActiveCfg = Release|x86
		{E7AC08D9-2880-4691-B878-DD917F3B2512}.Release|x86.ActiveCfg = Release|x86
		{E7AC08D9-2880-4691-B878-DD917F3B2512}.Release|x86.Build.0 = Release|x86
		{17FBF413-F712-4809-86CB-C64D63F0E397}.Debug_Hasp_PCS|Any CPU.ActiveCfg = Release|x64
		{17FBF413-F712-4809-86CB-C64D63F0E397}.Debug_Hasp_PCS|Any CPU.Build.0 = Release|x64
		{17FBF413-F712-4809-86CB-C64D63F0E397}.Debug_Hasp_PCS|Mixed Platforms.ActiveCfg = Debug|Win32
		{17FBF413-F712-4809-86CB-C64D63F0E397}.Debug_Hasp_PCS|Mixed Platforms.Build.0 = Debug|Win32
		{17FBF413-F712-4809-86CB-C64D63F0E397}.Debug_Hasp_PCS|x64.ActiveCfg = Debug|x64
		{17FBF413-F712-4809-86CB-C64D63F0E397}.Debug_Hasp_PCS|x64.Build.0 = Debug|x64
		{17FBF413-F712-4809-86CB-C64D63F0E397}.Debug_Hasp_PCS|x86.ActiveCfg = Debug|Win32
		{17FBF413-F712-4809-86CB-C64D63F0E397}.Debug_Hasp_PCS|x86.Build.0 = Debug|Win32
		{17FBF413-F712-4809-86CB-C64D63F0E397}.Debug_HASP|Any CPU.ActiveCfg = Release|x64
		{17FBF413-F712-4809-86CB-C64D63F0E397}.Debug_HASP|Any CPU.Build.0 = Release|x64
		{17FBF413-F712-4809-86CB-C64D63F0E397}.Debug_HASP|Mixed Platforms.ActiveCfg = Debug|Win32
		{17FBF413-F712-4809-86CB-C64D63F0E397}.Debug_HASP|Mixed Platforms.Build.0 = Debug|Win32
		{17FBF413-F712-4809-86CB-C64D63F0E397}.Debug_HASP|x64.ActiveCfg = Debug|x64
		{17FBF413-F712-4809-86CB-C64D63F0E397}.Debug_HASP|x64.Build.0 = Debug|x64
		{17FBF413-F712-4809-86CB-C64D63F0E397}.Debug_HASP|x86.ActiveCfg = Debug|Win32
		{17FBF413-F712-4809-86CB-C64D63F0E397}.Debug_HASP|x86.Build.0 = Debug|Win32
		{17FBF413-F712-4809-86CB-C64D63F0E397}.Debug_SHK_x64|Any CPU.ActiveCfg = Release|x64
		{17FBF413-F712-4809-86CB-C64D63F0E397}.Debug_SHK_x64|Any CPU.Build.0 = Release|x64
		{17FBF413-F712-4809-86CB-C64D63F0E397}.Debug_SHK_x64|Mixed Platforms.ActiveCfg = Debug|Win32
		{17FBF413-F712-4809-86CB-C64D63F0E397}.Debug_SHK_x64|Mixed Platforms.Build.0 = Debug|Win32
		{17FBF413-F712-4809-86CB-C64D63F0E397}.Debug_SHK_x64|x64.ActiveCfg = Debug|x64
		{17FBF413-F712-4809-86CB-C64D63F0E397}.Debug_SHK_x64|x64.Build.0 = Debug|x64
		{17FBF413-F712-4809-86CB-C64D63F0E397}.Debug_SHK_x64|x86.ActiveCfg = Debug|Win32
		{17FBF413-F712-4809-86CB-C64D63F0E397}.Debug_SHK_x64|x86.Build.0 = Debug|Win32
		{17FBF413-F712-4809-86CB-C64D63F0E397}.Debug_SHK|Any CPU.ActiveCfg = Release|x64
		{17FBF413-F712-4809-86CB-C64D63F0E397}.Debug_SHK|Any CPU.Build.0 = Release|x64
		{17FBF413-F712-4809-86CB-C64D63F0E397}.Debug_SHK|Mixed Platforms.ActiveCfg = Debug|Win32
		{17FBF413-F712-4809-86CB-C64D63F0E397}.Debug_SHK|Mixed Platforms.Build.0 = Debug|Win32
		{17FBF413-F712-4809-86CB-C64D63F0E397}.Debug_SHK|x64.ActiveCfg = Debug|x64
		{17FBF413-F712-4809-86CB-C64D63F0E397}.Debug_SHK|x64.Build.0 = Debug|x64
		{17FBF413-F712-4809-86CB-C64D63F0E397}.Debug_SHK|x86.ActiveCfg = Debug|Win32
		{17FBF413-F712-4809-86CB-C64D63F0E397}.Debug_SHK|x86.Build.0 = Debug|Win32
		{17FBF413-F712-4809-86CB-C64D63F0E397}.Debug|Any CPU.ActiveCfg = Debug|Win32
		{17FBF413-F712-4809-86CB-C64D63F0E397}.Debug|Mixed Platforms.ActiveCfg = Release|x64
		{17FBF413-F712-4809-86CB-C64D63F0E397}.Debug|Mixed Platforms.Build.0 = Release|x64
		{17FBF413-F712-4809-86CB-C64D63F0E397}.Debug|x64.ActiveCfg = Debug|x64
		{17FBF413-F712-4809-86CB-C64D63F0E397}.Debug|x64.Build.0 = Debug|x64
		{17FBF413-F712-4809-86CB-C64D63F0E397}.Debug|x86.ActiveCfg = Debug|Win32
		{17FBF413-F712-4809-86CB-C64D63F0E397}.Debug|x86.Build.0 = Debug|Win32
		{17FBF413-F712-4809-86CB-C64D63F0E397}.Release_HASP_x64|Any CPU.ActiveCfg = Release|x64
		{17FBF413-F712-4809-86CB-C64D63F0E397}.Release_HASP_x64|Any CPU.Build.0 = Release|x64
		{17FBF413-F712-4809-86CB-C64D63F0E397}.Release_HASP_x64|Mixed Platforms.ActiveCfg = Release|Win32
		{17FBF413-F712-4809-86CB-C64D63F0E397}.Release_HASP_x64|Mixed Platforms.Build.0 = Release|Win32
		{17FBF413-F712-4809-86CB-C64D63F0E397}.Release_HASP_x64|x64.ActiveCfg = Release|x64
		{17FBF413-F712-4809-86CB-C64D63F0E397}.Release_HASP_x64|x64.Build.0 = Release|x64
		{17FBF413-F712-4809-86CB-C64D63F0E397}.Release_HASP_x64|x86.ActiveCfg = Release|Win32
		{17FBF413-F712-4809-86CB-C64D63F0E397}.Release_HASP_x64|x86.Build.0 = Release|Win32
		{17FBF413-F712-4809-86CB-C64D63F0E397}.Release_HASP|Any CPU.ActiveCfg = Release|x64
		{17FBF413-F712-4809-86CB-C64D63F0E397}.Release_HASP|Any CPU.Build.0 = Release|x64
		{17FBF413-F712-4809-86CB-C64D63F0E397}.Release_HASP|Mixed Platforms.ActiveCfg = Release|Win32
		{17FBF413-F712-4809-86CB-C64D63F0E397}.Release_HASP|Mixed Platforms.Build.0 = Release|Win32
		{17FBF413-F712-4809-86CB-C64D63F0E397}.Release_HASP|x64.ActiveCfg = Release|x64
		{17FBF413-F712-4809-86CB-C64D63F0E397}.Release_HASP|x64.Build.0 = Release|x64
		{17FBF413-F712-4809-86CB-C64D63F0E397}.Release_HASP|x86.ActiveCfg = Release|Win32
		{17FBF413-F712-4809-86CB-C64D63F0E397}.Release_HASP|x86.Build.0 = Release|Win32
		{17FBF413-F712-4809-86CB-C64D63F0E397}.Release_SHK_x64|Any CPU.ActiveCfg = Release|x64
		{17FBF413-F712-4809-86CB-C64D63F0E397}.Release_SHK_x64|Any CPU.Build.0 = Release|x64
		{17FBF413-F712-4809-86CB-C64D63F0E397}.Release_SHK_x64|Mixed Platforms.ActiveCfg = Release|Win32
		{17FBF413-F712-4809-86CB-C64D63F0E397}.Release_SHK_x64|Mixed Platforms.Build.0 = Release|Win32
		{17FBF413-F712-4809-86CB-C64D63F0E397}.Release_SHK_x64|x64.ActiveCfg = Release|x64
		{17FBF413-F712-4809-86CB-C64D63F0E397}.Release_SHK_x64|x64.Build.0 = Release|x64
		{17FBF413-F712-4809-86CB-C64D63F0E397}.Release_SHK_x64|x86.ActiveCfg = Release|Win32
		{17FBF413-F712-4809-86CB-C64D63F0E397}.Release_SHK_x64|x86.Build.0 = Release|Win32
		{17FBF413-F712-4809-86CB-C64D63F0E397}.Release_SHK|Any CPU.ActiveCfg = Release|x64
		{17FBF413-F712-4809-86CB-C64D63F0E397}.Release_SHK|Any CPU.Build.0 = Release|x64
		{17FBF413-F712-4809-86CB-C64D63F0E397}.Release_SHK|Mixed Platforms.ActiveCfg = Release|Win32
		{17FBF413-F712-4809-86CB-C64D63F0E397}.Release_SHK|Mixed Platforms.Build.0 = Release|Win32
		{17FBF413-F712-4809-86CB-C64D63F0E397}.Release_SHK|x64.ActiveCfg = Release|x64
		{17FBF413-F712-4809-86CB-C64D63F0E397}.Release_SHK|x64.Build.0 = Release|x64
		{17FBF413-F712-4809-86CB-C64D63F0E397}.Release_SHK|x86.ActiveCfg = Release|Win32
		{17FBF413-F712-4809-86CB-C64D63F0E397}.Release_SHK|x86.Build.0 = Release|Win32
		{17FBF413-F712-4809-86CB-C64D63F0E397}.Release|Any CPU.ActiveCfg = Release|Win32
		{17FBF413-F712-4809-86CB-C64D63F0E397}.Release|Mixed Platforms.ActiveCfg = Release|Win32
		{17FBF413-F712-4809-86CB-C64D63F0E397}.Release|Mixed Platforms.Build.0 = Release|Win32
		{17FBF413-F712-4809-86CB-C64D63F0E397}.Release|x64.ActiveCfg = Release|x64
		{17FBF413-F712-4809-86CB-C64D63F0E397}.Release|x64.Build.0 = Release|x64
		{17FBF413-F712-4809-86CB-C64D63F0E397}.Release|x86.ActiveCfg = Release|Win32
		{17FBF413-F712-4809-86CB-C64D63F0E397}.Release|x86.Build.0 = Release|Win32
	EndGlobalSection
	GlobalSection(SolutionProperties) = preSolution
		HideSolutionNode = FALSE
	EndGlobalSection
	GlobalSection(ExtensibilityGlobals) = postSolution
		SolutionGuid = {4BC93D2A-0A0D-4929-87B5-5DEDD8C9ED30}
	EndGlobalSection
EndGlobal
